
Microsoft Visual Studio Solution File, Format Version 12.00
# Visual Studio 15
VisualStudioVersion = 15.0.28010.2046
MinimumVisualStudioVersion = 10.0.40219.1
Project("{FAE04EC0-301F-11D3-BF4B-00C04F79EFBC}") = "KeyLoggerCSharp", "KeyLoggerCSharp\KeyLoggerCSharp.csproj", "{F1A15ECC-B800-4A64-8933-B5ED6B47DEB0}"
EndProject
Global
	GlobalSection(SolutionConfigurationPlatforms) = preSolution
		Debug|Any CPU = Debug|Any CPU
		Release|Any CPU = Release|Any CPU
	EndGlobalSection
	GlobalSection(ProjectConfigurationPlatforms) = postSolution
		{F1A15ECC-B800-4A64-8933-B5ED6B47DEB0}.Debug|Any CPU.ActiveCfg = Debug|Any CPU
		{F1A15ECC-B800-4A64-8933-B5ED6B47DEB0}.Debug|Any CPU.Build.0 = Debug|Any CPU
		{F1A15ECC-B800-4A64-8933-B5ED6B47DEB0}.Release|Any CPU.ActiveCfg = Release|Any CPU
		{F1A15ECC-B800-4A64-8933-B5ED6B47DEB0}.Release|Any CPU.Build.0 = Release|Any CPU
	EndGlobalSection
	GlobalSection(SolutionProperties) = preSolution
		HideSolutionNode = FALSE
	EndGlobalSection
	GlobalSection(ExtensibilityGlobals) = postSolution
		SolutionGuid = {E843EAC7-2BC2-4EA5-957F-AF5F369491E7}
	EndGlobalSection
EndGlobal
